
Microsoft Visual Studio Solution File, Format Version 12.00
# Visual Studio Version 17
VisualStudioVersion = 17.5.33530.505
MinimumVisualStudioVersion = 10.0.40219.1
Project("{FAE04EC0-301F-11D3-BF4B-00C04F79EFBC}") = "Authentication.API", "Services\Authentication\Authentication.API\Authentication.API.csproj", "{57839E2C-400F-4E55-BB12-79694DE08E43}"
EndProject
Global
	GlobalSection(SolutionConfigurationPlatforms) = preSolution
		Debug|Any CPU = Debug|Any CPU
		Release|Any CPU = Release|Any CPU
	EndGlobalSection
	GlobalSection(ProjectConfigurationPlatforms) = postSolution
		{57839E2C-400F-4E55-BB12-79694DE08E43}.Debug|Any CPU.ActiveCfg = Debug|Any CPU
		{57839E2C-400F-4E55-BB12-79694DE08E43}.Debug|Any CPU.Build.0 = Debug|Any CPU
		{57839E2C-400F-4E55-BB12-79694DE08E43}.Release|Any CPU.ActiveCfg = Release|Any CPU
		{57839E2C-400F-4E55-BB12-79694DE08E43}.Release|Any CPU.Build.0 = Release|Any CPU
	EndGlobalSection
	GlobalSection(SolutionProperties) = preSolution
		HideSolutionNode = FALSE
	EndGlobalSection
	GlobalSection(ExtensibilityGlobals) = postSolution
		SolutionGuid = {80B61DFC-676D-42FA-8AF5-BB2C4ABD3463}
	EndGlobalSection
EndGlobal
